// !$*UTF8*$!
{
	archiveVersion = 1;
	classes = {
	};
	objectVersion = 56;
	objects = {

/* Begin PBXBuildFile section */
		B5BD120F2B5ACE9B0066E999 /* AppDelegate.swift in Sources */ = {isa = PBXBuildFile; fileRef = B5BD120E2B5ACE9B0066E999 /* AppDelegate.swift */; };
		B5BD12112B5ACE9B0066E999 /* SceneDelegate.swift in Sources */ = {isa = PBXBuildFile; fileRef = B5BD12102B5ACE9B0066E999 /* SceneDelegate.swift */; };
		B5BD12132B5ACE9B0066E999 /* ViewController.swift in Sources */ = {isa = PBXBuildFile; fileRef = B5BD12122B5ACE9B0066E999 /* ViewController.swift */; };
		B5BD12162B5ACE9B0066E999 /* Main.storyboard in Resources */ = {isa = PBXBuildFile; fileRef = B5BD12142B5ACE9B0066E999 /* Main.storyboard */; };
		B5BD12182B5ACE9D0066E999 /* Assets.xcassets in Resources */ = {isa = PBXBuildFile; fileRef = B5BD12172B5ACE9D0066E999 /* Assets.xcassets */; };
		B5BD121B2B5ACE9D0066E999 /* LaunchScreen.storyboard in Resources */ = {isa = PBXBuildFile; fileRef = B5BD12192B5ACE9D0066E999 /* LaunchScreen.storyboard */; };
		B5CD9CD82B5BA8A80039A6C3 /* IRCalendarView.swift in Sources */ = {isa = PBXBuildFile; fileRef = B5CD9CD72B5BA8A80039A6C3 /* IRCalendarView.swift */; };
		B5CD9CDA2B5BA9200039A6C3 /* IRDayButton.swift in Sources */ = {isa = PBXBuildFile; fileRef = B5CD9CD92B5BA9200039A6C3 /* IRDayButton.swift */; };
		B5CD9CDE2B5BA9610039A6C3 /* img_month_forward.png in Resources */ = {isa = PBXBuildFile; fileRef = B5CD9CDB2B5BA9600039A6C3 /* img_month_forward.png */; };
		B5CD9CDF2B5BA9610039A6C3 /* img_month_back.png in Resources */ = {isa = PBXBuildFile; fileRef = B5CD9CDC2B5BA9600039A6C3 /* img_month_back.png */; };
		B5CD9CE02B5BA9610039A6C3 /* img_dateMark.png in Resources */ = {isa = PBXBuildFile; fileRef = B5CD9CDD2B5BA9600039A6C3 /* img_dateMark.png */; };
		B5CD9CE22B5BA9730039A6C3 /* IRCalendarView.bundle in Resources */ = {isa = PBXBuildFile; fileRef = B5CD9CE12B5BA9720039A6C3 /* IRCalendarView.bundle */; };
/* End PBXBuildFile section */

/* Begin PBXFileReference section */
		B5BD120B2B5ACE9B0066E999 /* IRCalendarView-Swift.app */ = {isa = PBXFileReference; explicitFileType = wrapper.application; includeInIndex = 0; path = "IRCalendarView-Swift.app"; sourceTree = BUILT_PRODUCTS_DIR; };
		B5BD120E2B5ACE9B0066E999 /* AppDelegate.swift */ = {isa = PBXFileReference; lastKnownFileType = sourcecode.swift; path = AppDelegate.swift; sourceTree = "<group>"; };
		B5BD12102B5ACE9B0066E999 /* SceneDelegate.swift */ = {isa = PBXFileReference; lastKnownFileType = sourcecode.swift; path = SceneDelegate.swift; sourceTree = "<group>"; };
		B5BD12122B5ACE9B0066E999 /* ViewController.swift */ = {isa = PBXFileReference; lastKnownFileType = sourcecode.swift; path = ViewController.swift; sourceTree = "<group>"; };
		B5BD12152B5ACE9B0066E999 /* Base */ = {isa = PBXFileReference; lastKnownFileType = file.storyboard; name = Base; path = Base.lproj/Main.storyboard; sourceTree = "<group>"; };
		B5BD12172B5ACE9D0066E999 /* Assets.xcassets */ = {isa = PBXFileReference; lastKnownFileType = folder.assetcatalog; path = Assets.xcassets; sourceTree = "<group>"; };
		B5BD121A2B5ACE9D0066E999 /* Base */ = {isa = PBXFileReference; lastKnownFileType = file.storyboard; name = Base; path = Base.lproj/LaunchScreen.storyboard; sourceTree = "<group>"; };
		B5BD121C2B5ACE9D0066E999 /* Info.plist */ = {isa = PBXFileReference; lastKnownFileType = text.plist.xml; path = Info.plist; sourceTree = "<group>"; };
		B5CD9CD72B5BA8A80039A6C3 /* IRCalendarView.swift */ = {isa = PBXFileReference; lastKnownFileType = sourcecode.swift; path = IRCalendarView.swift; sourceTree = "<group>"; };
		B5CD9CD92B5BA9200039A6C3 /* IRDayButton.swift */ = {isa = PBXFileReference; lastKnownFileType = sourcecode.swift; path = IRDayButton.swift; sourceTree = "<group>"; };
		B5CD9CDB2B5BA9600039A6C3 /* img_month_forward.png */ = {isa = PBXFileReference; lastKnownFileType = image.png; path = img_month_forward.png; sourceTree = "<group>"; };
		B5CD9CDC2B5BA9600039A6C3 /* img_month_back.png */ = {isa = PBXFileReference; lastKnownFileType = image.png; path = img_month_back.png; sourceTree = "<group>"; };
		B5CD9CDD2B5BA9600039A6C3 /* img_dateMark.png */ = {isa = PBXFileReference; lastKnownFileType = image.png; path = img_dateMark.png; sourceTree = "<group>"; };
		B5CD9CE12B5BA9720039A6C3 /* IRCalendarView.bundle */ = {isa = PBXFileReference; lastKnownFileType = "wrapper.plug-in"; path = IRCalendarView.bundle; sourceTree = "<group>"; };
/* End PBXFileReference section */

/* Begin PBXFrameworksBuildPhase section */
		B5BD12082B5ACE9B0066E999 /* Frameworks */ = {
			isa = PBXFrameworksBuildPhase;
			buildActionMask = 2147483647;
			files = (
			);
			runOnlyForDeploymentPostprocessing = 0;
		};
/* End PBXFrameworksBuildPhase section */

/* Begin PBXGroup section */
		B5BD12022B5ACE9B0066E999 = {
			isa = PBXGroup;
			children = (
				B5BD120D2B5ACE9B0066E999 /* IRCalendarView-Swift */,
				B5BD120C2B5ACE9B0066E999 /* Products */,
			);
			sourceTree = "<group>";
		};
		B5BD120C2B5ACE9B0066E999 /* Products */ = {
			isa = PBXGroup;
			children = (
				B5BD120B2B5ACE9B0066E999 /* IRCalendarView-Swift.app */,
			);
			name = Products;
			sourceTree = "<group>";
		};
		B5BD120D2B5ACE9B0066E999 /* IRCalendarView-Swift */ = {
			isa = PBXGroup;
			children = (
				B5BD120E2B5ACE9B0066E999 /* AppDelegate.swift */,
				B5BD12102B5ACE9B0066E999 /* SceneDelegate.swift */,
				B5BD12122B5ACE9B0066E999 /* ViewController.swift */,
				B5CD9CD72B5BA8A80039A6C3 /* IRCalendarView.swift */,
				B5CD9CD92B5BA9200039A6C3 /* IRDayButton.swift */,
				B5CD9CE12B5BA9720039A6C3 /* IRCalendarView.bundle */,
				B5CD9CDD2B5BA9600039A6C3 /* img_dateMark.png */,
				B5CD9CDC2B5BA9600039A6C3 /* img_month_back.png */,
				B5CD9CDB2B5BA9600039A6C3 /* img_month_forward.png */,
				B5BD12142B5ACE9B0066E999 /* Main.storyboard */,
				B5BD12172B5ACE9D0066E999 /* Assets.xcassets */,
				B5BD12192B5ACE9D0066E999 /* LaunchScreen.storyboard */,
				B5BD121C2B5ACE9D0066E999 /* Info.plist */,
			);
			path = "IRCalendarView-Swift";
			sourceTree = "<group>";
		};
/* End PBXGroup section */

/* Begin PBXNativeTarget section */
		B5BD120A2B5ACE9B0066E999 /* IRCalendarView-Swift */ = {
			isa = PBXNativeTarget;
			buildConfigurationList = B5BD121F2B5ACE9D0066E999 /* Build configuration list for PBXNativeTarget "IRCalendarView-Swift" */;
			buildPhases = (
				B5BD12072B5ACE9B0066E999 /* Sources */,
				B5BD12082B5ACE9B0066E999 /* Frameworks */,
				B5BD12092B5ACE9B0066E999 /* Resources */,
			);
			buildRules = (
			);
			dependencies = (
			);
			name = "IRCalendarView-Swift";
			productName = "IRCalendarView-Swift";
			productReference = B5BD120B2B5ACE9B0066E999 /* IRCalendarView-Swift.app */;
			productType = "com.apple.product-type.application";
		};
/* End PBXNativeTarget section */

/* Begin PBXProject section */
		B5BD12032B5ACE9B0066E999 /* Project object */ = {
			isa = PBXProject;
			attributes = {
				BuildIndependentTargetsInParallel = 1;
				LastSwiftUpdateCheck = 1520;
				LastUpgradeCheck = 1520;
				TargetAttributes = {
					B5BD120A2B5ACE9B0066E999 = {
						CreatedOnToolsVersion = 15.2;
					};
				};
			};
			buildConfigurationList = B5BD12062B5ACE9B0066E999 /* Build configuration list for PBXProject "IRCalendarView-Swift" */;
			compatibilityVersion = "Xcode 14.0";
			developmentRegion = en;
			hasScannedForEncodings = 0;
			knownRegions = (
				en,
				Base,
			);
			mainGroup = B5BD12022B5ACE9B0066E999;
			productRefGroup = B5BD120C2B5ACE9B0066E999 /* Products */;
			projectDirPath = "";
			projectRoot = "";
			targets = (
				B5BD120A2B5ACE9B0066E999 /* IRCalendarView-Swift */,
			);
		};
/* End PBXProject section */

/* Begin PBXResourcesBuildPhase section */
		B5BD12092B5ACE9B0066E999 /* Resources */ = {
			isa = PBXResourcesBuildPhase;
			buildActionMask = 2147483647;
			files = (
				B5CD9CE02B5BA9610039A6C3 /* img_dateMark.png in Resources */,
				B5BD121B2B5ACE9D0066E999 /* LaunchScreen.storyboard in Resources */,
				B5BD12182B5ACE9D0066E999 /* Assets.xcassets in Resources */,
				B5CD9CDF2B5BA9610039A6C3 /* img_month_back.png in Resources */,
				B5CD9CE22B5BA9730039A6C3 /* IRCalendarView.bundle in Resources */,
				B5CD9CDE2B5BA9610039A6C3 /* img_month_forward.png in Resources */,
				B5BD12162B5ACE9B0066E999 /* Main.storyboard in Resources */,
			);
			runOnlyForDeploymentPostprocessing = 0;
		};
/* End PBXResourcesBuildPhase section */

/* Begin PBXSourcesBuildPhase section */
		B5BD12072B5ACE9B0066E999 /* Sources */ = {
			isa = PBXSourcesBuildPhase;
			buildActionMask = 2147483647;
			files = (
				B5BD12132B5ACE9B0066E999 /* ViewController.swift in Sources */,
				B5BD120F2B5ACE9B0066E999 /* AppDelegate.swift in Sources */,
				B5BD12112B5ACE9B0066E999 /* SceneDelegate.swift in Sources */,
				B5CD9CD82B5BA8A80039A6C3 /* IRCalendarView.swift in Sources */,
				B5CD9CDA2B5BA9200039A6C3 /* IRDayButton.swift in Sources */,
			);
			runOnlyForDeploymentPostprocessing = 0;
		};
/* End PBXSourcesBuildPhase section */

/* Begin PBXVariantGroup section */
		B5BD12142B5ACE9B0066E999 /* Main.storyboard */ = {
			isa = PBXVariantGroup;
			children = (
				B5BD12152B5ACE9B0066E999 /* Base */,
			);
			name = Main.storyboard;
			sourceTree = "<group>";
		};
		B5BD12192B5ACE9D0066E999 /* LaunchScreen.storyboard */ = {
			isa = PBXVariantGroup;
			children = (
				B5BD121A2B5ACE9D0066E999 /* Base */,
			);
			name = LaunchScreen.storyboard;
			sourceTree = "<group>";
		};
/* End PBXVariantGroup section */

/* Begin XCBuildConfiguration section */
		B5BD121D2B5ACE9D0066E999 /* Debug */ = {
			isa = XCBuildConfiguration;
			buildSettings = {
				ALWAYS_SEARCH_USER_PATHS = NO;
				ASSETCATALOG_COMPILER_GENERATE_SWIFT_ASSET_SYMBOL_EXTENSIONS = YES;
				CLANG_ANALYZER_NONNULL = YES;
				CLANG_ANALYZER_NUMBER_OBJECT_CONVERSION = YES_AGGRESSIVE;
				CLANG_CXX_LANGUAGE_STANDARD = "gnu++20";
				CLANG_ENABLE_MODULES = YES;
				CLANG_ENABLE_OBJC_ARC = YES;
				CLANG_ENABLE_OBJC_WEAK = YES;
				CLANG_WARN_BLOCK_CAPTURE_AUTORELEASING = YES;
				CLANG_WARN_BOOL_CONVERSION = YES;
				CLANG_WARN_COMMA = YES;
				CLANG_WARN_CONSTANT_CONVERSION = YES;
				CLANG_WARN_DEPRECATED_OBJC_IMPLEMENTATIONS = YES;
				CLANG_WARN_DIRECT_OBJC_ISA_USAGE = YES_ERROR;
				CLANG_WARN_DOCUMENTATION_COMMENTS = YES;
				CLANG_WARN_EMPTY_BODY = YES;
				CLANG_WARN_ENUM_CONVERSION = YES;
				CLANG_WARN_INFINITE_RECURSION = YES;
				CLANG_WARN_INT_CONVERSION = YES;
				CLANG_WARN_NON_LITERAL_NULL_CONVERSION = YES;
				CLANG_WARN_OBJC_IMPLICIT_RETAIN_SELF = YES;
				CLANG_WARN_OBJC_LITERAL_CONVERSION = YES;
				CLANG_WARN_OBJC_ROOT_CLASS = YES_ERROR;
				CLANG_WARN_QUOTED_INCLUDE_IN_FRAMEWORK_HEADER = YES;
				CLANG_WARN_RANGE_LOOP_ANALYSIS = YES;
				CLANG_WARN_STRICT_PROTOTYPES = YES;
				CLANG_WARN_SUSPICIOUS_MOVE = YES;
				CLANG_WARN_UNGUARDED_AVAILABILITY = YES_AGGRESSIVE;
				CLANG_WARN_UNREACHABLE_CODE = YES;
				CLANG_WARN__DUPLICATE_METHOD_MATCH = YES;
				COPY_PHASE_STRIP = NO;
				DEBUG_INFORMATION_FORMAT = dwarf;
				ENABLE_STRICT_OBJC_MSGSEND = YES;
				ENABLE_TESTABILITY = YES;
				ENABLE_USER_SCRIPT_SANDBOXING = YES;
				GCC_C_LANGUAGE_STANDARD = gnu17;
				GCC_DYNAMIC_NO_PIC = NO;
				GCC_NO_COMMON_BLOCKS = YES;
				GCC_OPTIMIZATION_LEVEL = 0;
				GCC_PREPROCESSOR_DEFINITIONS = (
					"DEBUG=1",
					"$(inherited)",
				);
				GCC_WARN_64_TO_32_BIT_CONVERSION = YES;
				GCC_WARN_ABOUT_RETURN_TYPE = YES_ERROR;
				GCC_WARN_UNDECLARED_SELECTOR = YES;
				GCC_WARN_UNINITIALIZED_AUTOS = YES_AGGRESSIVE;
				GCC_WARN_UNUSED_FUNCTION = YES;
				GCC_WARN_UNUSED_VARIABLE = YES;
				IPHONEOS_DEPLOYMENT_TARGET = 17.2;
				LOCALIZATION_PREFERS_STRING_CATALOGS = YES;
				MTL_ENABLE_DEBUG_INFO = INCLUDE_SOURCE;
				MTL_FAST_MATH = YES;
				ONLY_ACTIVE_ARCH = YES;
				SDKROOT = iphoneos;
				SWIFT_ACTIVE_COMPILATION_CONDITIONS = "DEBUG $(inherited)";
				SWIFT_OPTIMIZATION_LEVEL = "-Onone";
			};
			name = Debug;
		};
		B5BD121E2B5ACE9D0066E999 /* Release */ = {
			isa = XCBuildConfiguration;
			buildSettings = {
				ALWAYS_SEARCH_USER_PATHS = NO;
				ASSETCATALOG_COMPILER_GENERATE_SWIFT_ASSET_SYMBOL_EXTENSIONS = YES;
				CLANG_ANALYZER_NONNULL = YES;
				CLANG_ANALYZER_NUMBER_OBJECT_CONVERSION = YES_AGGRESSIVE;
				CLANG_CXX_LANGUAGE_STANDARD = "gnu++20";
				CLANG_ENABLE_MODULES = YES;
				CLANG_ENABLE_OBJC_ARC = YES;
				CLANG_ENABLE_OBJC_WEAK = YES;
				CLANG_WARN_BLOCK_CAPTURE_AUTORELEASING = YES;
				CLANG_WARN_BOOL_CONVERSION = YES;
				CLANG_WARN_COMMA = YES;
				CLANG_WARN_CONSTANT_CONVERSION = YES;
				CLANG_WARN_DEPRECATED_OBJC_IMPLEMENTATIONS = YES;
				CLANG_WARN_DIRECT_OBJC_ISA_USAGE = YES_ERROR;
				CLANG_WARN_DOCUMENTATION_COMMENTS = YES;
				CLANG_WARN_EMPTY_BODY = YES;
				CLANG_WARN_ENUM_CONVERSION = YES;
				CLANG_WARN_INFINITE_RECURSION = YES;
				CLANG_WARN_INT_CONVERSION = YES;
				CLANG_WARN_NON_LITERAL_NULL_CONVERSION = YES;
				CLANG_WARN_OBJC_IMPLICIT_RETAIN_SELF = YES;
				CLANG_WARN_OBJC_LITERAL_CONVERSION = YES;
				CLANG_WARN_OBJC_ROOT_CLASS = YES_ERROR;
				CLANG_WARN_QUOTED_INCLUDE_IN_FRAMEWORK_HEADER = YES;
				CLANG_WARN_RANGE_LOOP_ANALYSIS = YES;
				CLANG_WARN_STRICT_PROTOTYPES = YES;
				CLANG_WARN_SUSPICIOUS_MOVE = YES;
				CLANG_WARN_UNGUARDED_AVAILABILITY = YES_AGGRESSIVE;
				CLANG_WARN_UNREACHABLE_CODE = YES;
				CLANG_WARN__DUPLICATE_METHOD_MATCH = YES;
				COPY_PHASE_STRIP = NO;
				DEBUG_INFORMATION_FORMAT = "dwarf-with-dsym";
				ENABLE_NS_ASSERTIONS = NO;
				ENABLE_STRICT_OBJC_MSGSEND = YES;
				ENABLE_USER_SCRIPT_SANDBOXING = YES;
				GCC_C_LANGUAGE_STANDARD = gnu17;
				GCC_NO_COMMON_BLOCKS = YES;
				GCC_WARN_64_TO_32_BIT_CONVERSION = YES;
				GCC_WARN_ABOUT_RETURN_TYPE = YES_ERROR;
				GCC_WARN_UNDECLARED_SELECTOR = YES;
				GCC_WARN_UNINITIALIZED_AUTOS = YES_AGGRESSIVE;
				GCC_WARN_UNUSED_FUNCTION = YES;
				GCC_WARN_UNUSED_VARIABLE = YES;
				IPHONEOS_DEPLOYMENT_TARGET = 17.2;
				LOCALIZATION_PREFERS_STRING_CATALOGS = YES;
				MTL_ENABLE_DEBUG_INFO = NO;
				MTL_FAST_MATH = YES;
				SDKROOT = iphoneos;
				SWIFT_COMPILATION_MODE = wholemodule;
				VALIDATE_PRODUCT = YES;
			};
			name = Release;
		};
		B5BD12202B5ACE9D0066E999 /* Debug */ = {
			isa = XCBuildConfiguration;
			buildSettings = {
				ASSETCATALOG_COMPILER_APPICON_NAME = AppIcon;
				ASSETCATALOG_COMPILER_GLOBAL_ACCENT_COLOR_NAME = AccentColor;
				CODE_SIGN_STYLE = Automatic;
				CURRENT_PROJECT_VERSION = 1;
				DEVELOPMENT_TEAM = T6VV6T753H;
				GENERATE_INFOPLIST_FILE = YES;
				INFOPLIST_FILE = "IRCalendarView-Swift/Info.plist";
				INFOPLIST_KEY_UIApplicationSupportsIndirectInputEvents = YES;
				INFOPLIST_KEY_UILaunchStoryboardName = LaunchScreen;
				INFOPLIST_KEY_UIMainStoryboardFile = Main;
				INFOPLIST_KEY_UISupportedInterfaceOrientations_iPad = "UIInterfaceOrientationPortrait UIInterfaceOrientationPortraitUpsideDown UIInterfaceOrientationLandscapeLeft UIInterfaceOrientationLandscapeRight";
				INFOPLIST_KEY_UISupportedInterfaceOrientations_iPhone = "UIInterfaceOrientationPortrait UIInterfaceOrientationLandscapeLeft UIInterfaceOrientationLandscapeRight";
				LD_RUNPATH_SEARCH_PATHS = (
					"$(inherited)",
					"@executable_path/Frameworks",
				);
				MARKETING_VERSION = 1.0;
				PRODUCT_BUNDLE_IDENTIFIER = "irons163.IRCalendarView-Swift";
				PRODUCT_NAME = "$(TARGET_NAME)";
				SWIFT_EMIT_LOC_STRINGS = YES;
				SWIFT_VERSION = 5.0;
				TARGETED_DEVICE_FAMILY = "1,2";
			};
			name = Debug;
		};
		B5BD12212B5ACE9D0066E999 /* Release */ = {
			isa = XCBuildConfiguration;
			buildSettings = {
				ASSETCATALOG_COMPILER_APPICON_NAME = AppIcon;
				ASSETCATALOG_COMPILER_GLOBAL_ACCENT_COLOR_NAME = AccentColor;
				CODE_SIGN_STYLE = Automatic;
				CURRENT_PROJECT_VERSION = 1;
				DEVELOPMENT_TEAM = T6VV6T753H;
				GENERATE_INFOPLIST_FILE = YES;
				INFOPLIST_FILE = "IRCalendarView-Swift/Info.plist";
				INFOPLIST_KEY_UIApplicationSupportsIndirectInputEvents = YES;
				INFOPLIST_KEY_UILaunchStoryboardName = LaunchScreen;
				INFOPLIST_KEY_UIMainStoryboardFile = Main;
				INFOPLIST_KEY_UISupportedInterfaceOrientations_iPad = "UIInterfaceOrientationPortrait UIInterfaceOrientationPortraitUpsideDown UIInterfaceOrientationLandscapeLeft UIInterfaceOrientationLandscapeRight";
				INFOPLIST_KEY_UISupportedInterfaceOrientations_iPhone = "UIInterfaceOrientationPortrait UIInterfaceOrientationLandscapeLeft UIInterfaceOrientationLandscapeRight";
				LD_RUNPATH_SEARCH_PATHS = (
					"$(inherited)",
					"@executable_path/Frameworks",
				);
				MARKETING_VERSION = 1.0;
				PRODUCT_BUNDLE_IDENTIFIER = "irons163.IRCalendarView-Swift";
				PRODUCT_NAME = "$(TARGET_NAME)";
				SWIFT_EMIT_LOC_STRINGS = YES;
				SWIFT_VERSION = 5.0;
				TARGETED_DEVICE_FAMILY = "1,2";
			};
			name = Release;
		};
/* End XCBuildConfiguration section */

/* Begin XCConfigurationList section */
		B5BD12062B5ACE9B0066E999 /* Build configuration list for PBXProject "IRCalendarView-Swift" */ = {
			isa = XCConfigurationList;
			buildConfigurations = (
				B5BD121D2B5ACE9D0066E999 /* Debug */,
				B5BD121E2B5ACE9D0066E999 /* Release */,
			);
			defaultConfigurationIsVisible = 0;
			defaultConfigurationName = Release;
		};
		B5BD121F2B5ACE9D0066E999 /* Build configuration list for PBXNativeTarget "IRCalendarView-Swift" */ = {
			isa = XCConfigurationList;
			buildConfigurations = (
				B5BD12202B5ACE9D0066E999 /* Debug */,
				B5BD12212B5ACE9D0066E999 /* Release */,
			);
			defaultConfigurationIsVisible = 0;
			defaultConfigurationName = Release;
		};
/* End XCConfigurationList section */
	};
	rootObject = B5BD12032B5ACE9B0066E999 /* Project object */;
}
